
Microsoft Visual Studio Solution File, Format Version 12.00
# Visual Studio 15
VisualStudioVersion = 15.0.28307.168
MinimumVisualStudioVersion = 10.0.40219.1
Project("{9A19103F-16F7-4668-BE54-9A1E7A4F7556}") = "Giftbit.API", "Giftbit.API\Giftbit.API.csproj", "{0B10BC7B-4860-4320-812F-FD86CADCD764}"
EndProject
Project("{FAE04EC0-301F-11D3-BF4B-00C04F79EFBC}") = "Giftbit.API.Tests.xunit", "Giftbit.API.Tests.xunit\Giftbit.API.Tests.xunit.csproj", "{4F415684-2A5D-4C90-B070-520C05C21491}"
EndProject
Global
	GlobalSection(SolutionConfigurationPlatforms) = preSolution
		Debug|Any CPU = Debug|Any CPU
		Release|Any CPU = Release|Any CPU
	EndGlobalSection
	GlobalSection(ProjectConfigurationPlatforms) = postSolution
		{0B10BC7B-4860-4320-812F-FD86CADCD764}.Debug|Any CPU.ActiveCfg = Debug|Any CPU
		{0B10BC7B-4860-4320-812F-FD86CADCD764}.Debug|Any CPU.Build.0 = Debug|Any CPU
		{0B10BC7B-4860-4320-812F-FD86CADCD764}.Release|Any CPU.ActiveCfg = Release|Any CPU
		{0B10BC7B-4860-4320-812F-FD86CADCD764}.Release|Any CPU.Build.0 = Release|Any CPU
		{4F415684-2A5D-4C90-B070-520C05C21491}.Debug|Any CPU.ActiveCfg = Debug|Any CPU
		{4F415684-2A5D-4C90-B070-520C05C21491}.Debug|Any CPU.Build.0 = Debug|Any CPU
		{4F415684-2A5D-4C90-B070-520C05C21491}.Release|Any CPU.ActiveCfg = Release|Any CPU
		{4F415684-2A5D-4C90-B070-520C05C21491}.Release|Any CPU.Build.0 = Release|Any CPU
	EndGlobalSection
	GlobalSection(SolutionProperties) = preSolution
		HideSolutionNode = FALSE
	EndGlobalSection
	GlobalSection(ExtensibilityGlobals) = postSolution
		SolutionGuid = {3C1CAAD8-7890-46D0-81CF-AB090CC87C9D}
	EndGlobalSection
EndGlobal
